
Microsoft Visual Studio Solution File, Format Version 12.00
# Visual Studio Version 16
VisualStudioVersion = 16.0.34601.136
MinimumVisualStudioVersion = 10.0.40219.1
Project("{9A19103F-16F7-4668-BE54-9A1E7A4F7556}") = "GigaSharpCore", "GigaSharpCore\GigaSharpCore.csproj", "{04A78253-0AF2-4791-9579-425B379DCE2E}"
EndProject
Global
	GlobalSection(SolutionConfigurationPlatforms) = preSolution
		Debug|Any CPU = Debug|Any CPU
		Release|Any CPU = Release|Any CPU
	EndGlobalSection
	GlobalSection(ProjectConfigurationPlatforms) = postSolution
		{04A78253-0AF2-4791-9579-425B379DCE2E}.Debug|Any CPU.ActiveCfg = Debug|Any CPU
		{04A78253-0AF2-4791-9579-425B379DCE2E}.Debug|Any CPU.Build.0 = Debug|Any CPU
		{04A78253-0AF2-4791-9579-425B379DCE2E}.Release|Any CPU.ActiveCfg = Release|Any CPU
		{04A78253-0AF2-4791-9579-425B379DCE2E}.Release|Any CPU.Build.0 = Release|Any CPU
	EndGlobalSection
	GlobalSection(SolutionProperties) = preSolution
		HideSolutionNode = FALSE
	EndGlobalSection
	GlobalSection(ExtensibilityGlobals) = postSolution
		SolutionGuid = {92F48AC4-517E-4622-A368-2DEF2F533510}
	EndGlobalSection
EndGlobal
